Microsoft Visual Studio Solution File, Format Version 11.00
# Visual Studio 2008

Project("{E7FB3889-18FB-D328-F9BD-2B66B8257C18}") = "GUI Inventory System", "Assembly-CSharp.csproj", "{6943B7BB-1791-47A3-F9EB-45657A4D4710}"
EndProject
Global
	GlobalSection(SolutionConfigurationPlatforms) = preSolution
		Debug|Any CPU = Debug|Any CPU
		Release|Any CPU = Release|Any CPU
	EndGlobalSection
	GlobalSection(ProjectConfigurationPlatforms) = postSolution
		{6943B7BB-1791-47A3-F9EB-45657A4D4710}.Debug|Any CPU.ActiveCfg = Debug|Any CPU
		{6943B7BB-1791-47A3-F9EB-45657A4D4710}.Debug|Any CPU.Build.0 = Debug|Any CPU
		{6943B7BB-1791-47A3-F9EB-45657A4D4710}.Release|Any CPU.ActiveCfg = Release|Any CPU
		{6943B7BB-1791-47A3-F9EB-45657A4D4710}.Release|Any CPU.Build.0 = Release|Any CPU
	EndGlobalSection
	GlobalSection(SolutionProperties) = preSolution
		HideSolutionNode = FALSE
	EndGlobalSection
	GlobalSection(MonoDevelopProperties) = preSolution
		StartupItem = Assembly-CSharp.csproj
	EndGlobalSection
EndGlobal
